{
  "requires": true,
  "lockfileVersion": 1,
  "dependencies": {
    "@progress/jszip-esm": {
      "version": "1.0.2",
      "resolved": "https://registry.npmjs.org/@progress/jszip-esm/-/jszip-esm-1.0.2.tgz",
      "integrity": "sha512-9pkPImokVc3jgBh69Dh+d5jL/BpFQKhlvTgkjP74M6Bn/XcWDLHxMeLa4/jUPPa3b9pKtZPSSF3Sht5RVZ8A+Q==",
      "requires": {
        "@progress/pako-esm": "^1.0.1"
      }
    },
    "@progress/kendo-angular-excel-export": {
      "version": "4.0.0",
      "resolved": "https://registry.npmjs.org/@progress/kendo-angular-excel-export/-/kendo-angular-excel-export-4.0.0.tgz",
      "integrity": "sha512-UhxhPyF5GML3hLneAa/yVq0sIdJQrpr79jTOkSLewaHQKRxSGcX0IVH5TO6p0qKB21T3cqsJJRrz/wJbsNkiZQ==",
      "requires": {
        "@progress/kendo-file-saver": "^1.0.0",
        "@progress/kendo-ooxml": "^1.6.1",
        "@progress/kendo-schematics": "^1.1.0",
        "@telerik/kendo-intl": "^2.1.1",
        "tslib": "^1.9.0"
      },
      "dependencies": {
        "tslib": {
          "version": "1.14.1",
          "resolved": "https://registry.npmjs.org/tslib/-/tslib-1.14.1.tgz",
          "integrity": "sha512-Xni35NKzjgMrwevysHTCArtLDpPvye8zV/0E4EyYn43P7/7qvQwPh9BGkHewbMulVntbigmcT7rdX3BNo9wRJg=="
        }
      }
    },
    "@progress/kendo-angular-pdf-export": {
      "version": "3.0.0",
      "resolved": "https://registry.npmjs.org/@progress/kendo-angular-pdf-export/-/kendo-angular-pdf-export-3.0.0.tgz",
      "integrity": "sha512-t6jfBWeGUegvUvwMF59AgNO8TUU+2fZedPobP9DGniEJ9SaDBw2pLj6PF+/ombfFJnNj1ifWMz/fNnP3Q3AT7A==",
      "requires": {
        "@progress/kendo-file-saver": "^1.0.1",
        "@progress/kendo-schematics": "^1.1.0",
        "tslib": "^1.9.0"
      },
      "dependencies": {
        "tslib": {
          "version": "1.14.1",
          "resolved": "https://registry.npmjs.org/tslib/-/tslib-1.14.1.tgz",
          "integrity": "sha512-Xni35NKzjgMrwevysHTCArtLDpPvye8zV/0E4EyYn43P7/7qvQwPh9BGkHewbMulVntbigmcT7rdX3BNo9wRJg=="
        }
      }
    },
    "@progress/kendo-file-saver": {
      "version": "1.1.0",
      "resolved": "https://registry.npmjs.org/@progress/kendo-file-saver/-/kendo-file-saver-1.1.0.tgz",
      "integrity": "sha512-26iPl67d0izUlzU6p98QM5f/spOK3QCdmSJrEzGakw1Yp0qyFmp2V9uKeswfWgX0NhKmJApWjlAxxrtRvYjHYA=="
    },
    "@progress/kendo-ooxml": {
      "version": "1.6.2",
      "resolved": "https://registry.npmjs.org/@progress/kendo-ooxml/-/kendo-ooxml-1.6.2.tgz",
      "integrity": "sha512-Nwl2fsRi/fz8eZvzwrfMgWsnpuPdd064MtGKzcJurxL77SV3Gd+fBDxFq0XCyowh3Ygq/8n00Heqbehcx/HE/g==",
      "requires": {
        "@progress/jszip-esm": "^1.0.2",
        "@progress/pako-esm": "^1.0.1"
      }
    },
    "@progress/kendo-schematics": {
      "version": "1.2.0",
      "resolved": "https://registry.npmjs.org/@progress/kendo-schematics/-/kendo-schematics-1.2.0.tgz",
      "integrity": "sha512-ctYfJ3jVOVg1XVz6YutrHOe0wPJQ2duHIHaQO+p4ov7cXOrlkBHjl+CLL6obfhveqUgFtrZnZeolla7fmwQqVA=="
    },
    "@progress/pako-esm": {
      "version": "1.0.1",
      "resolved": "https://registry.npmjs.org/@progress/pako-esm/-/pako-esm-1.0.1.tgz",
      "integrity": "sha512-O4A3b1EuE9Xe1pC3Xz9Tcn1M/CYrL71f4y/5TXeytOVTkmkzBgYW97fYP2f+54H0e0erWRaqV/kUUB/a8Uxfbw=="
    },
    "@telerik/kendo-intl": {
      "version": "2.3.0",
      "resolved": "https://registry.npmjs.org/@telerik/kendo-intl/-/kendo-intl-2.3.0.tgz",
      "integrity": "sha512-IFNL37+I8hvO1G6SsW65ixTqkCtPZDH1SlJ33xEKpjCjVwrC/oLCJjuK+EF5buXSPK0iw0YSvlY6hDHAzAYF6g=="
    },
    "ng-multiselect-dropdown": {
      "version": "0.2.14",
      "resolved": "https://registry.npmjs.org/ng-multiselect-dropdown/-/ng-multiselect-dropdown-0.2.14.tgz",
      "integrity": "sha512-S+dPT/Xskh5fJVQMAb0qUVSwoE+VJ8C9XUDe6C4/3/Cd43o2F3SHHHOXfOhcQfqkZYkGeJOmzRfc57aOohr4dA==",
      "requires": {
        "tslib": "^1.9.0"
      },
      "dependencies": {
        "tslib": {
          "version": "1.14.1",
          "resolved": "https://registry.npmjs.org/tslib/-/tslib-1.14.1.tgz",
          "integrity": "sha512-Xni35NKzjgMrwevysHTCArtLDpPvye8zV/0E4EyYn43P7/7qvQwPh9BGkHewbMulVntbigmcT7rdX3BNo9wRJg=="
        }
      }
    },
    "ngx-page-scroll": {
      "version": "7.0.3",
      "resolved": "https://registry.npmjs.org/ngx-page-scroll/-/ngx-page-scroll-7.0.3.tgz",
      "integrity": "sha512-xjtUwxR1sadnWcNFuSs+Ildxh/UoLFW+KifvdYfZpLIDID9WJUWWSi4NC0swzblKpDAUKBCOkinFzKrcOpRySg==",
      "requires": {
        "tslib": "^2.0.0"
      }
    },
    "ngx-page-scroll-core": {
      "version": "7.0.3",
      "resolved": "https://registry.npmjs.org/ngx-page-scroll-core/-/ngx-page-scroll-core-7.0.3.tgz",
      "integrity": "sha512-FLLo59o0GxdT409uhOGPKElmB5fXNlvEFQLfX3UjWH4rbRTg6GP7jKfobYCxWdR/cddZTk4nq3JyGN6qghsG2w==",
      "requires": {
        "tslib": "^2.0.0"
      }
    },
    "tslib": {
      "version": "2.1.0",
      "resolved": "https://registry.npmjs.org/tslib/-/tslib-2.1.0.tgz",
      "integrity": "sha512-hcVC3wYEziELGGmEEXue7D75zbwIIVUMWAVbHItGPx0ziyXxrOMQx4rQEVEV45Ut/1IotuEvwqPopzIOkDMf0A=="
    }
  }
}
